// !$*UTF8*$!
{
	archiveVersion = 1;
	classes = {
	};
	objectVersion = 46;
	objects = {

/* Begin PBXBuildFile section */
		9ACCA628194CF15A00998B04 /* Foundation.framework in Frameworks */ = {isa = PBXBuildFile; fileRef = 9ACCA627194CF15A00998B04 /* Foundation.framework */; };
		9ACCA62A194CF15A00998B04 /* CoreGraphics.framework in Frameworks */ = {isa = PBXBuildFile; fileRef = 9ACCA629194CF15A00998B04 /* CoreGraphics.framework */; };
		9ACCA62C194CF15A00998B04 /* UIKit.framework in Frameworks */ = {isa = PBXBuildFile; fileRef = 9ACCA62B194CF15A00998B04 /* UIKit.framework */; };
		9ACCA632194CF15A00998B04 /* InfoPlist.strings in Resources */ = {isa = PBXBuildFile; fileRef = 9ACCA630194CF15A00998B04 /* InfoPlist.strings */; };
		9ACCA634194CF15A00998B04 /* main.m in Sources */ = {isa = PBXBuildFile; fileRef = 9ACCA633194CF15A00998B04 /* main.m */; };
		9ACCA638194CF15A00998B04 /* AppDelegate.m in Sources */ = {isa = PBXBuildFile; fileRef = 9ACCA637194CF15A00998B04 /* AppDelegate.m */; };
		9ACCA63B194CF15A00998B04 /* Main.storyboard in Resources */ = {isa = PBXBuildFile; fileRef = 9ACCA639194CF15A00998B04 /* Main.storyboard */; };
		9ACCA63E194CF15A00998B04 /* ViewController.m in Sources */ = {isa = PBXBuildFile; fileRef = 9ACCA63D194CF15A00998B04 /* ViewController.m */; };
		9ACCA640194CF15A00998B04 /* Images.xcassets in Resources */ = {isa = PBXBuildFile; fileRef = 9ACCA63F194CF15A00998B04 /* Images.xcassets */; };
		9ACCA647194CF15A00998B04 /* XCTest.framework in Frameworks */ = {isa = PBXBuildFile; fileRef = 9ACCA646194CF15A00998B04 /* XCTest.framework */; };
		9ACCA648194CF15A00998B04 /* Foundation.framework in Frameworks */ = {isa = PBXBuildFile; fileRef = 9ACCA627194CF15A00998B04 /* Foundation.framework */; };
		9ACCA649194CF15A00998B04 /* UIKit.framework in Frameworks */ = {isa = PBXBuildFile; fileRef = 9ACCA62B194CF15A00998B04 /* UIKit.framework */; };
		9ACCA651194CF15A00998B04 /* InfoPlist.strings in Resources */ = {isa = PBXBuildFile; fileRef = 9ACCA64F194CF15A00998B04 /* InfoPlist.strings */; };
		9ACCA653194CF15A00998B04 /* DemoTests.m in Sources */ = {isa = PBXBuildFile; fileRef = 9ACCA652194CF15A00998B04 /* DemoTests.m */; };
/* End PBXBuildFile section */

/* Begin PBXContainerItemProxy section */
		9ACCA64A194CF15A00998B04 /* PBXContainerItemProxy */ = {
			isa = PBXContainerItemProxy;
			containerPortal = 9ACCA61C194CF15A00998B04 /* Project object */;
			proxyType = 1;
			remoteGlobalIDString = 9ACCA623194CF15A00998B04;
			remoteInfo = Demo;
		};
/* End PBXContainerItemProxy section */

/* Begin PBXFileReference section */
		9ACCA624194CF15A00998B04 /* Demo.app */ = {isa = PBXFileReference; explicitFileType = wrapper.application; includeInIndex = 0; path = Demo.app; sourceTree = BUILT_PRODUCTS_DIR; };
		9ACCA627194CF15A00998B04 /* Foundation.framework */ = {isa = PBXFileReference; lastKnownFileType = wrapper.framework; name = Foundation.framework; path = System/Library/Frameworks/Foundation.framework; sourceTree = SDKROOT; };
		9ACCA629194CF15A00998B04 /* CoreGraphics.framework */ = {isa = PBXFileReference; lastKnownFileType = wrapper.framework; name = CoreGraphics.framework; path = System/Library/Frameworks/CoreGraphics.framework; sourceTree = SDKROOT; };
		9ACCA62B194CF15A00998B04 /* UIKit.framework */ = {isa = PBXFileReference; lastKnownFileType = wrapper.framework; name = UIKit.framework; path = System/Library/Frameworks/UIKit.framework; sourceTree = SDKROOT; };
		9ACCA62F194CF15A00998B04 /* Demo-Info.plist */ = {isa = PBXFileReference; lastKnownFileType = text.plist.xml; path = "Demo-Info.plist"; sourceTree = "<group>"; };
		9ACCA631194CF15A00998B04 /* en */ = {isa = PBXFileReference; lastKnownFileType = text.plist.strings; name = en; path = en.lproj/InfoPlist.strings; sourceTree = "<group>"; };
		9ACCA633194CF15A00998B04 /* main.m */ = {isa = PBXFileReference; lastKnownFileType = sourcecode.c.objc; path = main.m; sourceTree = "<group>"; };
		9ACCA635194CF15A00998B04 /* Demo-Prefix.pch */ = {isa = PBXFileReference; lastKnownFileType = sourcecode.c.h; path = "Demo-Prefix.pch"; sourceTree = "<group>"; };
		9ACCA636194CF15A00998B04 /* AppDelegate.h */ = {isa = PBXFileReference; lastKnownFileType = sourcecode.c.h; path = AppDelegate.h; sourceTree = "<group>"; };
		9ACCA637194CF15A00998B04 /* AppDelegate.m */ = {isa = PBXFileReference; lastKnownFileType = sourcecode.c.objc; path = AppDelegate.m; sourceTree = "<group>"; };
		9ACCA63A194CF15A00998B04 /* Base */ = {isa = PBXFileReference; lastKnownFileType = file.storyboard; name = Base; path = Base.lproj/Main.storyboard; sourceTree = "<group>"; };
		9ACCA63C194CF15A00998B04 /* ViewController.h */ = {isa = PBXFileReference; lastKnownFileType = sourcecode.c.h; path = ViewController.h; sourceTree = "<group>"; };
		9ACCA63D194CF15A00998B04 /* ViewController.m */ = {isa = PBXFileReference; lastKnownFileType = sourcecode.c.objc; path = ViewController.m; sourceTree = "<group>"; };
		9ACCA63F194CF15A00998B04 /* Images.xcassets */ = {isa = PBXFileReference; lastKnownFileType = folder.assetcatalog; path = Images.xcassets; sourceTree = "<group>"; };
		9ACCA645194CF15A00998B04 /* DemoTests.xctest */ = {isa = PBXFileReference; explicitFileType = wrapper.cfbundle; includeInIndex = 0; path = DemoTests.xctest; sourceTree = BUILT_PRODUCTS_DIR; };
		9ACCA646194CF15A00998B04 /* XCTest.framework */ = {isa = PBXFileReference; lastKnownFileType = wrapper.framework; name = XCTest.framework; path = Library/Frameworks/XCTest.framework; sourceTree = DEVELOPER_DIR; };
		9ACCA64E194CF15A00998B04 /* DemoTests-Info.plist */ = {isa = PBXFileReference; lastKnownFileType = text.plist.xml; path = "DemoTests-Info.plist"; sourceTree = "<group>"; };
		9ACCA650194CF15A00998B04 /* en */ = {isa = PBXFileReference; lastKnownFileType = text.plist.strings; name = en; path = en.lproj/InfoPlist.strings; sourceTree = "<group>"; };
		9ACCA652194CF15A00998B04 /* DemoTests.m */ = {isa = PBXFileReference; lastKnownFileType = sourcecode.c.objc; path = DemoTests.m; sourceTree = "<group>"; };
/* End PBXFileReference section */

/* Begin PBXFrameworksBuildPhase section */
		9ACCA621194CF15A00998B04 /* Frameworks */ = {
			isa = PBXFrameworksBuildPhase;
			buildActionMask = 2147483647;
			files = (
				9ACCA62A194CF15A00998B04 /* CoreGraphics.framework in Frameworks */,
				9ACCA62C194CF15A00998B04 /* UIKit.framework in Frameworks */,
				9ACCA628194CF15A00998B04 /* Foundation.framework in Frameworks */,
			);
			runOnlyForDeploymentPostprocessing = 0;
		};
		9ACCA642194CF15A00998B04 /* Frameworks */ = {
			isa = PBXFrameworksBuildPhase;
			buildActionMask = 2147483647;
			files = (
				9ACCA647194CF15A00998B04 /* XCTest.framework in Frameworks */,
				9ACCA649194CF15A00998B04 /* UIKit.framework in Frameworks */,
				9ACCA648194CF15A00998B04 /* Foundation.framework in Frameworks */,
			);
			runOnlyForDeploymentPostprocessing = 0;
		};
/* End PBXFrameworksBuildPhase section */

/* Begin PBXGroup section */
		9ACCA61B194CF15900998B04 = {
			isa = PBXGroup;
			children = (
				9ACCA62D194CF15A00998B04 /* Demo */,
				9ACCA64C194CF15A00998B04 /* DemoTests */,
				9ACCA626194CF15A00998B04 /* Frameworks */,
				9ACCA625194CF15A00998B04 /* Products */,
			);
			sourceTree = "<group>";
		};
		9ACCA625194CF15A00998B04 /* Products */ = {
			isa = PBXGroup;
			children = (
				9ACCA624194CF15A00998B04 /* Demo.app */,
				9ACCA645194CF15A00998B04 /* DemoTests.xctest */,
			);
			name = Products;
			sourceTree = "<group>";
		};
		9ACCA626194CF15A00998B04 /* Frameworks */ = {
			isa = PBXGroup;
			children = (
				9ACCA627194CF15A00998B04 /* Foundation.framework */,
				9ACCA629194CF15A00998B04 /* CoreGraphics.framework */,
				9ACCA62B194CF15A00998B04 /* UIKit.framework */,
				9ACCA646194CF15A00998B04 /* XCTest.framework */,
			);
			name = Frameworks;
			sourceTree = "<group>";
		};
		9ACCA62D194CF15A00998B04 /* Demo */ = {
			isa = PBXGroup;
			children = (
				9ACCA636194CF15A00998B04 /* AppDelegate.h */,
				9ACCA637194CF15A00998B04 /* AppDelegate.m */,
				9ACCA639194CF15A00998B04 /* Main.storyboard */,
				9ACCA63C194CF15A00998B04 /* ViewController.h */,
				9ACCA63D194CF15A00998B04 /* ViewController.m */,
				9ACCA63F194CF15A00998B04 /* Images.xcassets */,
				9ACCA62E194CF15A00998B04 /* Supporting Files */,
			);
			path = Demo;
			sourceTree = "<group>";
		};
		9ACCA62E194CF15A00998B04 /* Supporting Files */ = {
			isa = PBXGroup;
			children = (
				9ACCA62F194CF15A00998B04 /* Demo-Info.plist */,
				9ACCA630194CF15A00998B04 /* InfoPlist.strings */,
				9ACCA633194CF15A00998B04 /* main.m */,
				9ACCA635194CF15A00998B04 /* Demo-Prefix.pch */,
			);
			name = "Supporting Files";
			sourceTree = "<group>";
		};
		9ACCA64C194CF15A00998B04 /* DemoTests */ = {
			isa = PBXGroup;
			children = (
				9ACCA652194CF15A00998B04 /* DemoTests.m */,
				9ACCA64D194CF15A00998B04 /* Supporting Files */,
			);
			path = DemoTests;
			sourceTree = "<group>";
		};
		9ACCA64D194CF15A00998B04 /* Supporting Files */ = {
			isa = PBXGroup;
			children = (
				9ACCA64E194CF15A00998B04 /* DemoTests-Info.plist */,
				9ACCA64F194CF15A00998B04 /* InfoPlist.strings */,
			);
			name = "Supporting Files";
			sourceTree = "<group>";
		};
/* End PBXGroup section */

/* Begin PBXNativeTarget section */
		9ACCA623194CF15A00998B04 /* Demo */ = {
			isa = PBXNativeTarget;
			buildConfigurationList = 9ACCA656194CF15A00998B04 /* Build configuration list for PBXNativeTarget "Demo" */;
			buildPhases = (
				9ACCA620194CF15A00998B04 /* Sources */,
				9ACCA621194CF15A00998B04 /* Frameworks */,
				9ACCA622194CF15A00998B04 /* Resources */,
			);
			buildRules = (
			);
			dependencies = (
			);
			name = Demo;
			productName = Demo;
			productReference = 9ACCA624194CF15A00998B04 /* Demo.app */;
			productType = "com.apple.product-type.application";
		};
		9ACCA644194CF15A00998B04 /* DemoTests */ = {
			isa = PBXNativeTarget;
			buildConfigurationList = 9ACCA659194CF15A00998B04 /* Build configuration list for PBXNativeTarget "DemoTests" */;
			buildPhases = (
				9ACCA641194CF15A00998B04 /* Sources */,
				9ACCA642194CF15A00998B04 /* Frameworks */,
				9ACCA643194CF15A00998B04 /* Resources */,
			);
			buildRules = (
			);
			dependencies = (
				9ACCA64B194CF15A00998B04 /* PBXTargetDependency */,
			);
			name = DemoTests;
			productName = DemoTests;
			productReference = 9ACCA645194CF15A00998B04 /* DemoTests.xctest */;
			productType = "com.apple.product-type.bundle.unit-test";
		};
/* End PBXNativeTarget section */

/* Begin PBXProject section */
		9ACCA61C194CF15A00998B04 /* Project object */ = {
			isa = PBXProject;
			attributes = {
				LastUpgradeCheck = 0510;
				ORGANIZATIONNAME = Xcode;
				TargetAttributes = {
					9ACCA644194CF15A00998B04 = {
						TestTargetID = 9ACCA623194CF15A00998B04;
					};
				};
			};
			buildConfigurationList = 9ACCA61F194CF15A00998B04 /* Build configuration list for PBXProject "Demo" */;
			compatibilityVersion = "Xcode 3.2";
			developmentRegion = English;
			hasScannedForEncodings = 0;
			knownRegions = (
				en,
				Base,
			);
			mainGroup = 9ACCA61B194CF15900998B04;
			productRefGroup = 9ACCA625194CF15A00998B04 /* Products */;
			projectDirPath = "";
			projectRoot = "";
			targets = (
				9ACCA623194CF15A00998B04 /* Demo */,
				9ACCA644194CF15A00998B04 /* DemoTests */,
			);
		};
/* End PBXProject section */

/* Begin PBXResourcesBuildPhase section */
		9ACCA622194CF15A00998B04 /* Resources */ = {
			isa = PBXResourcesBuildPhase;
			buildActionMask = 2147483647;
			files = (
				9ACCA640194CF15A00998B04 /* Images.xcassets in Resources */,
				9ACCA632194CF15A00998B04 /* InfoPlist.strings in Resources */,
				9ACCA63B194CF15A00998B04 /* Main.storyboard in Resources */,
			);
			runOnlyForDeploymentPostprocessing = 0;
		};
		9ACCA643194CF15A00998B04 /* Resources */ = {
			isa = PBXResourcesBuildPhase;
			buildActionMask = 2147483647;
			files = (
				9ACCA651194CF15A00998B04 /* InfoPlist.strings in Resources */,
			);
			runOnlyForDeploymentPostprocessing = 0;
		};
/* End PBXResourcesBuildPhase section */

/* Begin PBXSourcesBuildPhase section */
		9ACCA620194CF15A00998B04 /* Sources */ = {
			isa = PBXSourcesBuildPhase;
			buildActionMask = 2147483647;
			files = (
				9ACCA63E194CF15A00998B04 /* ViewController.m in Sources */,
				9ACCA638194CF15A00998B04 /* AppDelegate.m in Sources */,
				9ACCA634194CF15A00998B04 /* main.m in Sources */,
			);
			runOnlyForDeploymentPostprocessing = 0;
		};
		9ACCA641194CF15A00998B04 /* Sources */ = {
			isa = PBXSourcesBuildPhase;
			buildActionMask = 2147483647;
			files = (
				9ACCA653194CF15A00998B04 /* DemoTests.m in Sources */,
			);
			runOnlyForDeploymentPostprocessing = 0;
		};
/* End PBXSourcesBuildPhase section */

/* Begin PBXTargetDependency section */
		9ACCA64B194CF15A00998B04 /* PBXTargetDependency */ = {
			isa = PBXTargetDependency;
			target = 9ACCA623194CF15A00998B04 /* Demo */;
			targetProxy = 9ACCA64A194CF15A00998B04 /* PBXContainerItemProxy */;
		};
/* End PBXTargetDependency section */

/* Begin PBXVariantGroup section */
		9ACCA630194CF15A00998B04 /* InfoPlist.strings */ = {
			isa = PBXVariantGroup;
			children = (
				9ACCA631194CF15A00998B04 /* en */,
			);
			name = InfoPlist.strings;
			sourceTree = "<group>";
		};
		9ACCA639194CF15A00998B04 /* Main.storyboard */ = {
			isa = PBXVariantGroup;
			children = (
				9ACCA63A194CF15A00998B04 /* Base */,
			);
			name = Main.storyboard;
			sourceTree = "<group>";
		};
		9ACCA64F194CF15A00998B04 /* InfoPlist.strings */ = {
			isa = PBXVariantGroup;
			children = (
				9ACCA650194CF15A00998B04 /* en */,
			);
			name = InfoPlist.strings;
			sourceTree = "<group>";
		};
/* End PBXVariantGroup section */

/* Begin XCBuildConfiguration section */
		9ACCA654194CF15A00998B04 /* Debug */ = {
			isa = XCBuildConfiguration;
			buildSettings = {
				ALWAYS_SEARCH_USER_PATHS = NO;
				CLANG_CXX_LANGUAGE_STANDARD = "gnu++0x";
				CLANG_CXX_LIBRARY = "libc++";
				CLANG_ENABLE_MODULES = YES;
				CLANG_ENABLE_OBJC_ARC = YES;
				CLANG_WARN_BOOL_CONVERSION = YES;
				CLANG_WARN_CONSTANT_CONVERSION = YES;
				CLANG_WARN_DIRECT_OBJC_ISA_USAGE = YES_ERROR;
				CLANG_WARN_EMPTY_BODY = YES;
				CLANG_WARN_ENUM_CONVERSION = YES;
				CLANG_WARN_INT_CONVERSION = YES;
				CLANG_WARN_OBJC_ROOT_CLASS = YES_ERROR;
				CLANG_WARN__DUPLICATE_METHOD_MATCH = YES;
				"CODE_SIGN_IDENTITY[sdk=iphoneos*]" = "iPhone Developer";
				COPY_PHASE_STRIP = NO;
				GCC_C_LANGUAGE_STANDARD = gnu99;
				GCC_DYNAMIC_NO_PIC = NO;
				GCC_OPTIMIZATION_LEVEL = 0;
				GCC_PREPROCESSOR_DEFINITIONS = (
					"DEBUG=1",
					"$(inherited)",
				);
				GCC_SYMBOLS_PRIVATE_EXTERN = NO;
				GCC_WARN_64_TO_32_BIT_CONVERSION = YES;
				GCC_WARN_ABOUT_RETURN_TYPE = YES_ERROR;
				GCC_WARN_UNDECLARED_SELECTOR = YES;
				GCC_WARN_UNINITIALIZED_AUTOS = YES_AGGRESSIVE;
				GCC_WARN_UNUSED_FUNCTION = YES;
				GCC_WARN_UNUSED_VARIABLE = YES;
				IPHONEOS_DEPLOYMENT_TARGET = 7.1;
				ONLY_ACTIVE_ARCH = YES;
				SDKROOT = iphoneos;
			};
			name = Debug;
		};
		9ACCA655194CF15A00998B04 /* Release */ = {
			isa = XCBuildConfiguration;
			buildSettings = {
				ALWAYS_SEARCH_USER_PATHS = NO;
				CLANG_CXX_LANGUAGE_STANDARD = "gnu++0x";
				CLANG_CXX_LIBRARY = "libc++";
				CLANG_ENABLE_MODULES = YES;
				CLANG_ENABLE_OBJC_ARC = YES;
				CLANG_WARN_BOOL_CONVERSION = YES;
				CLANG_WARN_CONSTANT_CONVERSION = YES;
				CLANG_WARN_DIRECT_OBJC_ISA_USAGE = YES_ERROR;
				CLANG_WARN_EMPTY_BODY = YES;
				CLANG_WARN_ENUM_CONVERSION = YES;
				CLANG_WARN_INT_CONVERSION = YES;
				CLANG_WARN_OBJC_ROOT_CLASS = YES_ERROR;
				CLANG_WARN__DUPLICATE_METHOD_MATCH = YES;
				"CODE_SIGN_IDENTITY[sdk=iphoneos*]" = "iPhone Developer";
				COPY_PHASE_STRIP = YES;
				ENABLE_NS_ASSERTIONS = NO;
				GCC_C_LANGUAGE_STANDARD = gnu99;
				GCC_WARN_64_TO_32_BIT_CONVERSION = YES;
				GCC_WARN_ABOUT_RETURN_TYPE = YES_ERROR;
				GCC_WARN_UNDECLARED_SELECTOR = YES;
				GCC_WARN_UNINITIALIZED_AUTOS = YES_AGGRESSIVE;
				GCC_WARN_UNUSED_FUNCTION = YES;
				GCC_WARN_UNUSED_VARIABLE = YES;
				IPHONEOS_DEPLOYMENT_TARGET = 7.1;
				SDKROOT = iphoneos;
				VALIDATE_PRODUCT = YES;
			};
			name = Release;
		};
		9ACCA657194CF15A00998B04 /* Debug */ = {
			isa = XCBuildConfiguration;
			buildSettings = {
				ASSETCATALOG_COMPILER_APPICON_NAME = AppIcon;
				ASSETCATALOG_COMPILER_LAUNCHIMAGE_NAME = LaunchImage;
				GCC_PRECOMPILE_PREFIX_HEADER = YES;
				GCC_PREFIX_HEADER = "Demo/Demo-Prefix.pch";
				INFOPLIST_FILE = "Demo/Demo-Info.plist";
				PRODUCT_NAME = "$(TARGET_NAME)";
				WRAPPER_EXTENSION = app;
			};
			name = Debug;
		};
		9ACCA658194CF15A00998B04 /* Release */ = {
			isa = XCBuildConfiguration;
			buildSettings = {
				ASSETCATALOG_COMPILER_APPICON_NAME = AppIcon;
				ASSETCATALOG_COMPILER_LAUNCHIMAGE_NAME = LaunchImage;
				GCC_PRECOMPILE_PREFIX_HEADER = YES;
				GCC_PREFIX_HEADER = "Demo/Demo-Prefix.pch";
				INFOPLIST_FILE = "Demo/Demo-Info.plist";
				PRODUCT_NAME = "$(TARGET_NAME)";
				WRAPPER_EXTENSION = app;
			};
			name = Release;
		};
		9ACCA65A194CF15A00998B04 /* Debug */ = {
			isa = XCBuildConfiguration;
			buildSettings = {
				BUNDLE_LOADER = "$(BUILT_PRODUCTS_DIR)/Demo.app/Demo";
				FRAMEWORK_SEARCH_PATHS = (
					"$(SDKROOT)/Developer/Library/Frameworks",
					"$(inherited)",
					"$(DEVELOPER_FRAMEWORKS_DIR)",
				);
				GCC_PRECOMPILE_PREFIX_HEADER = YES;
				GCC_PREFIX_HEADER = "Demo/Demo-Prefix.pch";
				GCC_PREPROCESSOR_DEFINITIONS = (
					"DEBUG=1",
					"$(inherited)",
				);
				INFOPLIST_FILE = "DemoTests/DemoTests-Info.plist";
				PRODUCT_NAME = "$(TARGET_NAME)";
				TEST_HOST = "$(BUNDLE_LOADER)";
				WRAPPER_EXTENSION = xctest;
			};
			name = Debug;
		};
		9ACCA65B194CF15A00998B04 /* Release */ = {
			isa = XCBuildConfiguration;
			buildSettings = {
				BUNDLE_LOADER = "$(BUILT_PRODUCTS_DIR)/Demo.app/Demo";
				FRAMEWORK_SEARCH_PATHS = (
					"$(SDKROOT)/Developer/Library/Frameworks",
					"$(inherited)",
					"$(DEVELOPER_FRAMEWORKS_DIR)",
				);
				GCC_PRECOMPILE_PREFIX_HEADER = YES;
				GCC_PREFIX_HEADER = "Demo/Demo-Prefix.pch";
				INFOPLIST_FILE = "DemoTests/DemoTests-Info.plist";
				PRODUCT_NAME = "$(TARGET_NAME)";
				TEST_HOST = "$(BUNDLE_LOADER)";
				WRAPPER_EXTENSION = xctest;
			};
			name = Release;
		};
/* End XCBuildConfiguration section */

/* Begin XCConfigurationList section */
		9ACCA61F194CF15A00998B04 /* Build configuration list for PBXProject "Demo" */ = {
			isa = XCConfigurationList;
			buildConfigurations = (
				9ACCA654194CF15A00998B04 /* Debug */,
				9ACCA655194CF15A00998B04 /* Release */,
			);
			defaultConfigurationIsVisible = 0;
			defaultConfigurationName = Release;
		};
		9ACCA656194CF15A00998B04 /* Build configuration list for PBXNativeTarget "Demo" */ = {
			isa = XCConfigurationList;
			buildConfigurations = (
				9ACCA657194CF15A00998B04 /* Debug */,
				9ACCA658194CF15A00998B04 /* Release */,
			);
			defaultConfigurationIsVisible = 0;
		};
		9ACCA659194CF15A00998B04 /* Build configuration list for PBXNativeTarget "DemoTests" */ = {
			isa = XCConfigurationList;
			buildConfigurations = (
				9ACCA65A194CF15A00998B04 /* Debug */,
				9ACCA65B194CF15A00998B04 /* Release */,
			);
			defaultConfigurationIsVisible = 0;
		};
/* End XCConfigurationList section */
	};
	rootObject = 9ACCA61C194CF15A00998B04 /* Project object */;
}
