// !$*UTF8*$!
{
	archiveVersion = 1;
	classes = {
	};
	objectVersion = 46;
	objects = {

/* Begin PBXBuildFile section */
		9A4F41D319576DFF00A62D1F /* Foundation.framework in Frameworks */ = {isa = PBXBuildFile; fileRef = 9A4F41D219576DFF00A62D1F /* Foundation.framework */; };
		9A4F41D519576DFF00A62D1F /* CoreGraphics.framework in Frameworks */ = {isa = PBXBuildFile; fileRef = 9A4F41D419576DFF00A62D1F /* CoreGraphics.framework */; };
		9A4F41D719576DFF00A62D1F /* UIKit.framework in Frameworks */ = {isa = PBXBuildFile; fileRef = 9A4F41D619576DFF00A62D1F /* UIKit.framework */; };
		9A4F41DD19576DFF00A62D1F /* InfoPlist.strings in Resources */ = {isa = PBXBuildFile; fileRef = 9A4F41DB19576DFF00A62D1F /* InfoPlist.strings */; };
		9A4F41DF19576DFF00A62D1F /* main.m in Sources */ = {isa = PBXBuildFile; fileRef = 9A4F41DE19576DFF00A62D1F /* main.m */; };
		9A4F41E319576DFF00A62D1F /* AppDelegate.m in Sources */ = {isa = PBXBuildFile; fileRef = 9A4F41E219576DFF00A62D1F /* AppDelegate.m */; };
		9A4F41E619576DFF00A62D1F /* Main.storyboard in Resources */ = {isa = PBXBuildFile; fileRef = 9A4F41E419576DFF00A62D1F /* Main.storyboard */; };
		9A4F41E919576DFF00A62D1F /* ViewController.m in Sources */ = {isa = PBXBuildFile; fileRef = 9A4F41E819576DFF00A62D1F /* ViewController.m */; };
		9A4F41EB19576DFF00A62D1F /* Images.xcassets in Resources */ = {isa = PBXBuildFile; fileRef = 9A4F41EA19576DFF00A62D1F /* Images.xcassets */; };
		9A4F41F219576DFF00A62D1F /* XCTest.framework in Frameworks */ = {isa = PBXBuildFile; fileRef = 9A4F41F119576DFF00A62D1F /* XCTest.framework */; };
		9A4F41F319576E0000A62D1F /* Foundation.framework in Frameworks */ = {isa = PBXBuildFile; fileRef = 9A4F41D219576DFF00A62D1F /* Foundation.framework */; };
		9A4F41F419576E0000A62D1F /* UIKit.framework in Frameworks */ = {isa = PBXBuildFile; fileRef = 9A4F41D619576DFF00A62D1F /* UIKit.framework */; };
		9A4F41FC19576E0000A62D1F /* InfoPlist.strings in Resources */ = {isa = PBXBuildFile; fileRef = 9A4F41FA19576E0000A62D1F /* InfoPlist.strings */; };
		9A4F41FE19576E0000A62D1F /* PredatorDemoTests.m in Sources */ = {isa = PBXBuildFile; fileRef = 9A4F41FD19576E0000A62D1F /* PredatorDemoTests.m */; };
/* End PBXBuildFile section */

/* Begin PBXContainerItemProxy section */
		9A4F41F519576E0000A62D1F /* PBXContainerItemProxy */ = {
			isa = PBXContainerItemProxy;
			containerPortal = 9A4F41C719576DFF00A62D1F /* Project object */;
			proxyType = 1;
			remoteGlobalIDString = 9A4F41CE19576DFF00A62D1F;
			remoteInfo = PredatorDemo;
		};
/* End PBXContainerItemProxy section */

/* Begin PBXFileReference section */
		9A4F41CF19576DFF00A62D1F /* PredatorDemo.app */ = {isa = PBXFileReference; explicitFileType = wrapper.application; includeInIndex = 0; path = PredatorDemo.app; sourceTree = BUILT_PRODUCTS_DIR; };
		9A4F41D219576DFF00A62D1F /* Foundation.framework */ = {isa = PBXFileReference; lastKnownFileType = wrapper.framework; name = Foundation.framework; path = System/Library/Frameworks/Foundation.framework; sourceTree = SDKROOT; };
		9A4F41D419576DFF00A62D1F /* CoreGraphics.framework */ = {isa = PBXFileReference; lastKnownFileType = wrapper.framework; name = CoreGraphics.framework; path = System/Library/Frameworks/CoreGraphics.framework; sourceTree = SDKROOT; };
		9A4F41D619576DFF00A62D1F /* UIKit.framework */ = {isa = PBXFileReference; lastKnownFileType = wrapper.framework; name = UIKit.framework; path = System/Library/Frameworks/UIKit.framework; sourceTree = SDKROOT; };
		9A4F41DA19576DFF00A62D1F /* PredatorDemo-Info.plist */ = {isa = PBXFileReference; lastKnownFileType = text.plist.xml; path = "PredatorDemo-Info.plist"; sourceTree = "<group>"; };
		9A4F41DC19576DFF00A62D1F /* en */ = {isa = PBXFileReference; lastKnownFileType = text.plist.strings; name = en; path = en.lproj/InfoPlist.strings; sourceTree = "<group>"; };
		9A4F41DE19576DFF00A62D1F /* main.m */ = {isa = PBXFileReference; lastKnownFileType = sourcecode.c.objc; path = main.m; sourceTree = "<group>"; };
		9A4F41E019576DFF00A62D1F /* PredatorDemo-Prefix.pch */ = {isa = PBXFileReference; lastKnownFileType = sourcecode.c.h; path = "PredatorDemo-Prefix.pch"; sourceTree = "<group>"; };
		9A4F41E119576DFF00A62D1F /* AppDelegate.h */ = {isa = PBXFileReference; lastKnownFileType = sourcecode.c.h; path = AppDelegate.h; sourceTree = "<group>"; };
		9A4F41E219576DFF00A62D1F /* AppDelegate.m */ = {isa = PBXFileReference; lastKnownFileType = sourcecode.c.objc; path = AppDelegate.m; sourceTree = "<group>"; };
		9A4F41E519576DFF00A62D1F /* Base */ = {isa = PBXFileReference; lastKnownFileType = file.storyboard; name = Base; path = Base.lproj/Main.storyboard; sourceTree = "<group>"; };
		9A4F41E719576DFF00A62D1F /* ViewController.h */ = {isa = PBXFileReference; lastKnownFileType = sourcecode.c.h; path = ViewController.h; sourceTree = "<group>"; };
		9A4F41E819576DFF00A62D1F /* ViewController.m */ = {isa = PBXFileReference; lastKnownFileType = sourcecode.c.objc; path = ViewController.m; sourceTree = "<group>"; };
		9A4F41EA19576DFF00A62D1F /* Images.xcassets */ = {isa = PBXFileReference; lastKnownFileType = folder.assetcatalog; path = Images.xcassets; sourceTree = "<group>"; };
		9A4F41F019576DFF00A62D1F /* PredatorDemoTests.xctest */ = {isa = PBXFileReference; explicitFileType = wrapper.cfbundle; includeInIndex = 0; path = PredatorDemoTests.xctest; sourceTree = BUILT_PRODUCTS_DIR; };
		9A4F41F119576DFF00A62D1F /* XCTest.framework */ = {isa = PBXFileReference; lastKnownFileType = wrapper.framework; name = XCTest.framework; path = Library/Frameworks/XCTest.framework; sourceTree = DEVELOPER_DIR; };
		9A4F41F919576E0000A62D1F /* PredatorDemoTests-Info.plist */ = {isa = PBXFileReference; lastKnownFileType = text.plist.xml; path = "PredatorDemoTests-Info.plist"; sourceTree = "<group>"; };
		9A4F41FB19576E0000A62D1F /* en */ = {isa = PBXFileReference; lastKnownFileType = text.plist.strings; name = en; path = en.lproj/InfoPlist.strings; sourceTree = "<group>"; };
		9A4F41FD19576E0000A62D1F /* PredatorDemoTests.m */ = {isa = PBXFileReference; lastKnownFileType = sourcecode.c.objc; path = PredatorDemoTests.m; sourceTree = "<group>"; };
/* End PBXFileReference section */

/* Begin PBXFrameworksBuildPhase section */
		9A4F41CC19576DFF00A62D1F /* Frameworks */ = {
			isa = PBXFrameworksBuildPhase;
			buildActionMask = 2147483647;
			files = (
				9A4F41D519576DFF00A62D1F /* CoreGraphics.framework in Frameworks */,
				9A4F41D719576DFF00A62D1F /* UIKit.framework in Frameworks */,
				9A4F41D319576DFF00A62D1F /* Foundation.framework in Frameworks */,
			);
			runOnlyForDeploymentPostprocessing = 0;
		};
		9A4F41ED19576DFF00A62D1F /* Frameworks */ = {
			isa = PBXFrameworksBuildPhase;
			buildActionMask = 2147483647;
			files = (
				9A4F41F219576DFF00A62D1F /* XCTest.framework in Frameworks */,
				9A4F41F419576E0000A62D1F /* UIKit.framework in Frameworks */,
				9A4F41F319576E0000A62D1F /* Foundation.framework in Frameworks */,
			);
			runOnlyForDeploymentPostprocessing = 0;
		};
/* End PBXFrameworksBuildPhase section */

/* Begin PBXGroup section */
		9A4F41C619576DFF00A62D1F = {
			isa = PBXGroup;
			children = (
				9A4F41D819576DFF00A62D1F /* PredatorDemo */,
				9A4F41F719576E0000A62D1F /* PredatorDemoTests */,
				9A4F41D119576DFF00A62D1F /* Frameworks */,
				9A4F41D019576DFF00A62D1F /* Products */,
			);
			sourceTree = "<group>";
		};
		9A4F41D019576DFF00A62D1F /* Products */ = {
			isa = PBXGroup;
			children = (
				9A4F41CF19576DFF00A62D1F /* PredatorDemo.app */,
				9A4F41F019576DFF00A62D1F /* PredatorDemoTests.xctest */,
			);
			name = Products;
			sourceTree = "<group>";
		};
		9A4F41D119576DFF00A62D1F /* Frameworks */ = {
			isa = PBXGroup;
			children = (
				9A4F41D219576DFF00A62D1F /* Foundation.framework */,
				9A4F41D419576DFF00A62D1F /* CoreGraphics.framework */,
				9A4F41D619576DFF00A62D1F /* UIKit.framework */,
				9A4F41F119576DFF00A62D1F /* XCTest.framework */,
			);
			name = Frameworks;
			sourceTree = "<group>";
		};
		9A4F41D819576DFF00A62D1F /* PredatorDemo */ = {
			isa = PBXGroup;
			children = (
				9A4F41E119576DFF00A62D1F /* AppDelegate.h */,
				9A4F41E219576DFF00A62D1F /* AppDelegate.m */,
				9A4F41E419576DFF00A62D1F /* Main.storyboard */,
				9A4F41E719576DFF00A62D1F /* ViewController.h */,
				9A4F41E819576DFF00A62D1F /* ViewController.m */,
				9A4F41EA19576DFF00A62D1F /* Images.xcassets */,
				9A4F41D919576DFF00A62D1F /* Supporting Files */,
			);
			path = PredatorDemo;
			sourceTree = "<group>";
		};
		9A4F41D919576DFF00A62D1F /* Supporting Files */ = {
			isa = PBXGroup;
			children = (
				9A4F41DA19576DFF00A62D1F /* PredatorDemo-Info.plist */,
				9A4F41DB19576DFF00A62D1F /* InfoPlist.strings */,
				9A4F41DE19576DFF00A62D1F /* main.m */,
				9A4F41E019576DFF00A62D1F /* PredatorDemo-Prefix.pch */,
			);
			name = "Supporting Files";
			sourceTree = "<group>";
		};
		9A4F41F719576E0000A62D1F /* PredatorDemoTests */ = {
			isa = PBXGroup;
			children = (
				9A4F41FD19576E0000A62D1F /* PredatorDemoTests.m */,
				9A4F41F819576E0000A62D1F /* Supporting Files */,
			);
			path = PredatorDemoTests;
			sourceTree = "<group>";
		};
		9A4F41F819576E0000A62D1F /* Supporting Files */ = {
			isa = PBXGroup;
			children = (
				9A4F41F919576E0000A62D1F /* PredatorDemoTests-Info.plist */,
				9A4F41FA19576E0000A62D1F /* InfoPlist.strings */,
			);
			name = "Supporting Files";
			sourceTree = "<group>";
		};
/* End PBXGroup section */

/* Begin PBXNativeTarget section */
		9A4F41CE19576DFF00A62D1F /* PredatorDemo */ = {
			isa = PBXNativeTarget;
			buildConfigurationList = 9A4F420119576E0000A62D1F /* Build configuration list for PBXNativeTarget "PredatorDemo" */;
			buildPhases = (
				9A4F41CB19576DFF00A62D1F /* Sources */,
				9A4F41CC19576DFF00A62D1F /* Frameworks */,
				9A4F41CD19576DFF00A62D1F /* Resources */,
			);
			buildRules = (
			);
			dependencies = (
			);
			name = PredatorDemo;
			productName = PredatorDemo;
			productReference = 9A4F41CF19576DFF00A62D1F /* PredatorDemo.app */;
			productType = "com.apple.product-type.application";
		};
		9A4F41EF19576DFF00A62D1F /* PredatorDemoTests */ = {
			isa = PBXNativeTarget;
			buildConfigurationList = 9A4F420419576E0000A62D1F /* Build configuration list for PBXNativeTarget "PredatorDemoTests" */;
			buildPhases = (
				9A4F41EC19576DFF00A62D1F /* Sources */,
				9A4F41ED19576DFF00A62D1F /* Frameworks */,
				9A4F41EE19576DFF00A62D1F /* Resources */,
			);
			buildRules = (
			);
			dependencies = (
				9A4F41F619576E0000A62D1F /* PBXTargetDependency */,
			);
			name = PredatorDemoTests;
			productName = PredatorDemoTests;
			productReference = 9A4F41F019576DFF00A62D1F /* PredatorDemoTests.xctest */;
			productType = "com.apple.product-type.bundle.unit-test";
		};
/* End PBXNativeTarget section */

/* Begin PBXProject section */
		9A4F41C719576DFF00A62D1F /* Project object */ = {
			isa = PBXProject;
			attributes = {
				LastUpgradeCheck = 0510;
				ORGANIZATIONNAME = Xcode;
				TargetAttributes = {
					9A4F41EF19576DFF00A62D1F = {
						TestTargetID = 9A4F41CE19576DFF00A62D1F;
					};
				};
			};
			buildConfigurationList = 9A4F41CA19576DFF00A62D1F /* Build configuration list for PBXProject "PredatorDemo" */;
			compatibilityVersion = "Xcode 3.2";
			developmentRegion = English;
			hasScannedForEncodings = 0;
			knownRegions = (
				en,
				Base,
			);
			mainGroup = 9A4F41C619576DFF00A62D1F;
			productRefGroup = 9A4F41D019576DFF00A62D1F /* Products */;
			projectDirPath = "";
			projectRoot = "";
			targets = (
				9A4F41CE19576DFF00A62D1F /* PredatorDemo */,
				9A4F41EF19576DFF00A62D1F /* PredatorDemoTests */,
			);
		};
/* End PBXProject section */

/* Begin PBXResourcesBuildPhase section */
		9A4F41CD19576DFF00A62D1F /* Resources */ = {
			isa = PBXResourcesBuildPhase;
			buildActionMask = 2147483647;
			files = (
				9A4F41EB19576DFF00A62D1F /* Images.xcassets in Resources */,
				9A4F41DD19576DFF00A62D1F /* InfoPlist.strings in Resources */,
				9A4F41E619576DFF00A62D1F /* Main.storyboard in Resources */,
			);
			runOnlyForDeploymentPostprocessing = 0;
		};
		9A4F41EE19576DFF00A62D1F /* Resources */ = {
			isa = PBXResourcesBuildPhase;
			buildActionMask = 2147483647;
			files = (
				9A4F41FC19576E0000A62D1F /* InfoPlist.strings in Resources */,
			);
			runOnlyForDeploymentPostprocessing = 0;
		};
/* End PBXResourcesBuildPhase section */

/* Begin PBXSourcesBuildPhase section */
		9A4F41CB19576DFF00A62D1F /* Sources */ = {
			isa = PBXSourcesBuildPhase;
			buildActionMask = 2147483647;
			files = (
				9A4F41E919576DFF00A62D1F /* ViewController.m in Sources */,
				9A4F41E319576DFF00A62D1F /* AppDelegate.m in Sources */,
				9A4F41DF19576DFF00A62D1F /* main.m in Sources */,
			);
			runOnlyForDeploymentPostprocessing = 0;
		};
		9A4F41EC19576DFF00A62D1F /* Sources */ = {
			isa = PBXSourcesBuildPhase;
			buildActionMask = 2147483647;
			files = (
				9A4F41FE19576E0000A62D1F /* PredatorDemoTests.m in Sources */,
			);
			runOnlyForDeploymentPostprocessing = 0;
		};
/* End PBXSourcesBuildPhase section */

/* Begin PBXTargetDependency section */
		9A4F41F619576E0000A62D1F /* PBXTargetDependency */ = {
			isa = PBXTargetDependency;
			target = 9A4F41CE19576DFF00A62D1F /* PredatorDemo */;
			targetProxy = 9A4F41F519576E0000A62D1F /* PBXContainerItemProxy */;
		};
/* End PBXTargetDependency section */

/* Begin PBXVariantGroup section */
		9A4F41DB19576DFF00A62D1F /* InfoPlist.strings */ = {
			isa = PBXVariantGroup;
			children = (
				9A4F41DC19576DFF00A62D1F /* en */,
			);
			name = InfoPlist.strings;
			sourceTree = "<group>";
		};
		9A4F41E419576DFF00A62D1F /* Main.storyboard */ = {
			isa = PBXVariantGroup;
			children = (
				9A4F41E519576DFF00A62D1F /* Base */,
			);
			name = Main.storyboard;
			sourceTree = "<group>";
		};
		9A4F41FA19576E0000A62D1F /* InfoPlist.strings */ = {
			isa = PBXVariantGroup;
			children = (
				9A4F41FB19576E0000A62D1F /* en */,
			);
			name = InfoPlist.strings;
			sourceTree = "<group>";
		};
/* End PBXVariantGroup section */

/* Begin XCBuildConfiguration section */
		9A4F41FF19576E0000A62D1F /* Debug */ = {
			isa = XCBuildConfiguration;
			buildSettings = {
				ALWAYS_SEARCH_USER_PATHS = NO;
				CLANG_CXX_LANGUAGE_STANDARD = "gnu++0x";
				CLANG_CXX_LIBRARY = "libc++";
				CLANG_ENABLE_MODULES = YES;
				CLANG_ENABLE_OBJC_ARC = YES;
				CLANG_WARN_BOOL_CONVERSION = YES;
				CLANG_WARN_CONSTANT_CONVERSION = YES;
				CLANG_WARN_DIRECT_OBJC_ISA_USAGE = YES_ERROR;
				CLANG_WARN_EMPTY_BODY = YES;
				CLANG_WARN_ENUM_CONVERSION = YES;
				CLANG_WARN_INT_CONVERSION = YES;
				CLANG_WARN_OBJC_ROOT_CLASS = YES_ERROR;
				CLANG_WARN__DUPLICATE_METHOD_MATCH = YES;
				"CODE_SIGN_IDENTITY[sdk=iphoneos*]" = "iPhone Developer";
				COPY_PHASE_STRIP = NO;
				GCC_C_LANGUAGE_STANDARD = gnu99;
				GCC_DYNAMIC_NO_PIC = NO;
				GCC_OPTIMIZATION_LEVEL = 0;
				GCC_PREPROCESSOR_DEFINITIONS = (
					"DEBUG=1",
					"$(inherited)",
				);
				GCC_SYMBOLS_PRIVATE_EXTERN = NO;
				GCC_WARN_64_TO_32_BIT_CONVERSION = YES;
				GCC_WARN_ABOUT_RETURN_TYPE = YES_ERROR;
				GCC_WARN_UNDECLARED_SELECTOR = YES;
				GCC_WARN_UNINITIALIZED_AUTOS = YES_AGGRESSIVE;
				GCC_WARN_UNUSED_FUNCTION = YES;
				GCC_WARN_UNUSED_VARIABLE = YES;
				IPHONEOS_DEPLOYMENT_TARGET = 7.1;
				ONLY_ACTIVE_ARCH = YES;
				SDKROOT = iphoneos;
			};
			name = Debug;
		};
		9A4F420019576E0000A62D1F /* Release */ = {
			isa = XCBuildConfiguration;
			buildSettings = {
				ALWAYS_SEARCH_USER_PATHS = NO;
				CLANG_CXX_LANGUAGE_STANDARD = "gnu++0x";
				CLANG_CXX_LIBRARY = "libc++";
				CLANG_ENABLE_MODULES = YES;
				CLANG_ENABLE_OBJC_ARC = YES;
				CLANG_WARN_BOOL_CONVERSION = YES;
				CLANG_WARN_CONSTANT_CONVERSION = YES;
				CLANG_WARN_DIRECT_OBJC_ISA_USAGE = YES_ERROR;
				CLANG_WARN_EMPTY_BODY = YES;
				CLANG_WARN_ENUM_CONVERSION = YES;
				CLANG_WARN_INT_CONVERSION = YES;
				CLANG_WARN_OBJC_ROOT_CLASS = YES_ERROR;
				CLANG_WARN__DUPLICATE_METHOD_MATCH = YES;
				"CODE_SIGN_IDENTITY[sdk=iphoneos*]" = "iPhone Developer";
				COPY_PHASE_STRIP = YES;
				ENABLE_NS_ASSERTIONS = NO;
				GCC_C_LANGUAGE_STANDARD = gnu99;
				GCC_WARN_64_TO_32_BIT_CONVERSION = YES;
				GCC_WARN_ABOUT_RETURN_TYPE = YES_ERROR;
				GCC_WARN_UNDECLARED_SELECTOR = YES;
				GCC_WARN_UNINITIALIZED_AUTOS = YES_AGGRESSIVE;
				GCC_WARN_UNUSED_FUNCTION = YES;
				GCC_WARN_UNUSED_VARIABLE = YES;
				IPHONEOS_DEPLOYMENT_TARGET = 7.1;
				SDKROOT = iphoneos;
				VALIDATE_PRODUCT = YES;
			};
			name = Release;
		};
		9A4F420219576E0000A62D1F /* Debug */ = {
			isa = XCBuildConfiguration;
			buildSettings = {
				ASSETCATALOG_COMPILER_APPICON_NAME = AppIcon;
				ASSETCATALOG_COMPILER_LAUNCHIMAGE_NAME = LaunchImage;
				GCC_PRECOMPILE_PREFIX_HEADER = YES;
				GCC_PREFIX_HEADER = "PredatorDemo/PredatorDemo-Prefix.pch";
				INFOPLIST_FILE = "PredatorDemo/PredatorDemo-Info.plist";
				PRODUCT_NAME = "$(TARGET_NAME)";
				WRAPPER_EXTENSION = app;
			};
			name = Debug;
		};
		9A4F420319576E0000A62D1F /* Release */ = {
			isa = XCBuildConfiguration;
			buildSettings = {
				ASSETCATALOG_COMPILER_APPICON_NAME = AppIcon;
				ASSETCATALOG_COMPILER_LAUNCHIMAGE_NAME = LaunchImage;
				GCC_PRECOMPILE_PREFIX_HEADER = YES;
				GCC_PREFIX_HEADER = "PredatorDemo/PredatorDemo-Prefix.pch";
				INFOPLIST_FILE = "PredatorDemo/PredatorDemo-Info.plist";
				PRODUCT_NAME = "$(TARGET_NAME)";
				WRAPPER_EXTENSION = app;
			};
			name = Release;
		};
		9A4F420519576E0000A62D1F /* Debug */ = {
			isa = XCBuildConfiguration;
			buildSettings = {
				BUNDLE_LOADER = "$(BUILT_PRODUCTS_DIR)/PredatorDemo.app/PredatorDemo";
				FRAMEWORK_SEARCH_PATHS = (
					"$(SDKROOT)/Developer/Library/Frameworks",
					"$(inherited)",
					"$(DEVELOPER_FRAMEWORKS_DIR)",
				);
				GCC_PRECOMPILE_PREFIX_HEADER = YES;
				GCC_PREFIX_HEADER = "PredatorDemo/PredatorDemo-Prefix.pch";
				GCC_PREPROCESSOR_DEFINITIONS = (
					"DEBUG=1",
					"$(inherited)",
				);
				INFOPLIST_FILE = "PredatorDemoTests/PredatorDemoTests-Info.plist";
				PRODUCT_NAME = "$(TARGET_NAME)";
				TEST_HOST = "$(BUNDLE_LOADER)";
				WRAPPER_EXTENSION = xctest;
			};
			name = Debug;
		};
		9A4F420619576E0000A62D1F /* Release */ = {
			isa = XCBuildConfiguration;
			buildSettings = {
				BUNDLE_LOADER = "$(BUILT_PRODUCTS_DIR)/PredatorDemo.app/PredatorDemo";
				FRAMEWORK_SEARCH_PATHS = (
					"$(SDKROOT)/Developer/Library/Frameworks",
					"$(inherited)",
					"$(DEVELOPER_FRAMEWORKS_DIR)",
				);
				GCC_PRECOMPILE_PREFIX_HEADER = YES;
				GCC_PREFIX_HEADER = "PredatorDemo/PredatorDemo-Prefix.pch";
				INFOPLIST_FILE = "PredatorDemoTests/PredatorDemoTests-Info.plist";
				PRODUCT_NAME = "$(TARGET_NAME)";
				TEST_HOST = "$(BUNDLE_LOADER)";
				WRAPPER_EXTENSION = xctest;
			};
			name = Release;
		};
/* End XCBuildConfiguration section */

/* Begin XCConfigurationList section */
		9A4F41CA19576DFF00A62D1F /* Build configuration list for PBXProject "PredatorDemo" */ = {
			isa = XCConfigurationList;
			buildConfigurations = (
				9A4F41FF19576E0000A62D1F /* Debug */,
				9A4F420019576E0000A62D1F /* Release */,
			);
			defaultConfigurationIsVisible = 0;
			defaultConfigurationName = Release;
		};
		9A4F420119576E0000A62D1F /* Build configuration list for PBXNativeTarget "PredatorDemo" */ = {
			isa = XCConfigurationList;
			buildConfigurations = (
				9A4F420219576E0000A62D1F /* Debug */,
				9A4F420319576E0000A62D1F /* Release */,
			);
			defaultConfigurationIsVisible = 0;
		};
		9A4F420419576E0000A62D1F /* Build configuration list for PBXNativeTarget "PredatorDemoTests" */ = {
			isa = XCConfigurationList;
			buildConfigurations = (
				9A4F420519576E0000A62D1F /* Debug */,
				9A4F420619576E0000A62D1F /* Release */,
			);
			defaultConfigurationIsVisible = 0;
		};
/* End XCConfigurationList section */
	};
	rootObject = 9A4F41C719576DFF00A62D1F /* Project object */;
}
